
Microsoft Visual Studio Solution File, Format Version 12.00
# Visual Studio Version 17
VisualStudioVersion = 17.0.32002.185
MinimumVisualStudioVersion = 10.0.40219.1
Project("{2150E333-8FDC-42A3-9474-1A3956D46DE8}") = "src", "src", "{A50819A6-85D6-46FA-8250-8E39A8458604}"
EndProject
Project("{FAE04EC0-301F-11D3-BF4B-00C04F79EFBC}") = "CRMNotification", "CRMNotification\CRMNotification.csproj", "{8AAF20F5-BC2B-4562-900C-8561FF23E443}"
EndProject
Project("{2150E333-8FDC-42A3-9474-1A3956D46DE8}") = "Core", "Core", "{12896CC4-6ED8-48DE-A5CF-9C80D378E8D6}"
EndProject
Project("{2150E333-8FDC-42A3-9474-1A3956D46DE8}") = "Infarstrucutre", "Infarstrucutre", "{4F649043-353B-448E-8DFF-AC193B4D5F54}"
EndProject
Project("{FAE04EC0-301F-11D3-BF4B-00C04F79EFBC}") = "ApplicationLayer", "ApplicationLayer\ApplicationLayer.csproj", "{F79156E0-C24D-4F78-AB5C-13A19373DD5A}"
EndProject
Project("{FAE04EC0-301F-11D3-BF4B-00C04F79EFBC}") = "DomainLayer", "DomainLayer\DomainLayer.csproj", "{21B46595-DBB2-480F-B26C-17C8CDD60354}"
EndProject
Project("{FAE04EC0-301F-11D3-BF4B-00C04F79EFBC}") = "InfrastrucureLayer", "InfrastrucureLayer\InfrastrucureLayer.csproj", "{4822C94D-EBC7-423F-AD34-0F288F45F29C}"
EndProject
Global
	GlobalSection(SolutionConfigurationPlatforms) = preSolution
		Debug|Any CPU = Debug|Any CPU
		Release|Any CPU = Release|Any CPU
	EndGlobalSection
	GlobalSection(ProjectConfigurationPlatforms) = postSolution
		{8AAF20F5-BC2B-4562-900C-8561FF23E443}.Debug|Any CPU.ActiveCfg = Debug|Any CPU
		{8AAF20F5-BC2B-4562-900C-8561FF23E443}.Debug|Any CPU.Build.0 = Debug|Any CPU
		{8AAF20F5-BC2B-4562-900C-8561FF23E443}.Release|Any CPU.ActiveCfg = Release|Any CPU
		{8AAF20F5-BC2B-4562-900C-8561FF23E443}.Release|Any CPU.Build.0 = Release|Any CPU
		{F79156E0-C24D-4F78-AB5C-13A19373DD5A}.Debug|Any CPU.ActiveCfg = Debug|Any CPU
		{F79156E0-C24D-4F78-AB5C-13A19373DD5A}.Debug|Any CPU.Build.0 = Debug|Any CPU
		{F79156E0-C24D-4F78-AB5C-13A19373DD5A}.Release|Any CPU.ActiveCfg = Release|Any CPU
		{F79156E0-C24D-4F78-AB5C-13A19373DD5A}.Release|Any CPU.Build.0 = Release|Any CPU
		{21B46595-DBB2-480F-B26C-17C8CDD60354}.Debug|Any CPU.ActiveCfg = Debug|Any CPU
		{21B46595-DBB2-480F-B26C-17C8CDD60354}.Debug|Any CPU.Build.0 = Debug|Any CPU
		{21B46595-DBB2-480F-B26C-17C8CDD60354}.Release|Any CPU.ActiveCfg = Release|Any CPU
		{21B46595-DBB2-480F-B26C-17C8CDD60354}.Release|Any CPU.Build.0 = Release|Any CPU
		{4822C94D-EBC7-423F-AD34-0F288F45F29C}.Debug|Any CPU.ActiveCfg = Debug|Any CPU
		{4822C94D-EBC7-423F-AD34-0F288F45F29C}.Debug|Any CPU.Build.0 = Debug|Any CPU
		{4822C94D-EBC7-423F-AD34-0F288F45F29C}.Release|Any CPU.ActiveCfg = Release|Any CPU
		{4822C94D-EBC7-423F-AD34-0F288F45F29C}.Release|Any CPU.Build.0 = Release|Any CPU
	EndGlobalSection
	GlobalSection(SolutionProperties) = preSolution
		HideSolutionNode = FALSE
	EndGlobalSection
	GlobalSection(NestedProjects) = preSolution
		{8AAF20F5-BC2B-4562-900C-8561FF23E443} = {A50819A6-85D6-46FA-8250-8E39A8458604}
		{12896CC4-6ED8-48DE-A5CF-9C80D378E8D6} = {A50819A6-85D6-46FA-8250-8E39A8458604}
		{4F649043-353B-448E-8DFF-AC193B4D5F54} = {A50819A6-85D6-46FA-8250-8E39A8458604}
		{F79156E0-C24D-4F78-AB5C-13A19373DD5A} = {12896CC4-6ED8-48DE-A5CF-9C80D378E8D6}
		{21B46595-DBB2-480F-B26C-17C8CDD60354} = {12896CC4-6ED8-48DE-A5CF-9C80D378E8D6}
		{4822C94D-EBC7-423F-AD34-0F288F45F29C} = {4F649043-353B-448E-8DFF-AC193B4D5F54}
	EndGlobalSection
	GlobalSection(ExtensibilityGlobals) = postSolution
		SolutionGuid = {8B9D7205-2196-42B1-946E-03595C3275D8}
	EndGlobalSection
EndGlobal
